{
  "name": "mova-claude-plugin",
  "version": "0.3.2",
  "lockfileVersion": 3,
  "requires": true,
  "packages": {
    "": {
      "name": "mova-claude-plugin",
      "version": "0.3.2",
      "license": "MIT",
      "bin": {
        "mova-dashboard": "services/dashboard_server.js",
        "mova-guard": "scripts/mova-guard.js",
        "mova-observe": "scripts/mova-observe.js",
        "mova-security": "scripts/mova-security.js"
      },
      "engines": {
        "node": ">=18.0.0"
      }
    }
  }
}
